
Microsoft Visual Studio Solution File, Format Version 12.00
# Visual Studio Version 16
VisualStudioVersion = 16.0.32228.343
MinimumVisualStudioVersion = 10.0.40219.1
Project("{FAE04EC0-301F-11D3-BF4B-00C04F79EFBC}") = "RubicCube.UI", "RubicCube\RubicCube.UI.csproj", "{E35A2880-9F1E-4717-8688-DB38BF97D3B0}"
EndProject
Project("{FAE04EC0-301F-11D3-BF4B-00C04F79EFBC}") = "RubicCube.BAL", "RubicCube.BAL\RubicCube.BAL.csproj", "{B3074B74-BCF6-47A1-9116-40C57FE2E193}"
EndProject
Project("{FAE04EC0-301F-11D3-BF4B-00C04F79EFBC}") = "RubicCube.Interfaces", "RubicCube.Interfaces\RubicCube.Interfaces.csproj", "{C7E8038E-E583-48DF-9393-4B090A994363}"
EndProject
Global
	GlobalSection(SolutionConfigurationPlatforms) = preSolution
		Debug|Any CPU = Debug|Any CPU
		Release|Any CPU = Release|Any CPU
	EndGlobalSection
	GlobalSection(ProjectConfigurationPlatforms) = postSolution
		{E35A2880-9F1E-4717-8688-DB38BF97D3B0}.Debug|Any CPU.ActiveCfg = Debug|Any CPU
		{E35A2880-9F1E-4717-8688-DB38BF97D3B0}.Debug|Any CPU.Build.0 = Debug|Any CPU
		{E35A2880-9F1E-4717-8688-DB38BF97D3B0}.Release|Any CPU.ActiveCfg = Release|Any CPU
		{E35A2880-9F1E-4717-8688-DB38BF97D3B0}.Release|Any CPU.Build.0 = Release|Any CPU
		{B3074B74-BCF6-47A1-9116-40C57FE2E193}.Debug|Any CPU.ActiveCfg = Debug|Any CPU
		{B3074B74-BCF6-47A1-9116-40C57FE2E193}.Debug|Any CPU.Build.0 = Debug|Any CPU
		{B3074B74-BCF6-47A1-9116-40C57FE2E193}.Release|Any CPU.ActiveCfg = Release|Any CPU
		{B3074B74-BCF6-47A1-9116-40C57FE2E193}.Release|Any CPU.Build.0 = Release|Any CPU
		{C7E8038E-E583-48DF-9393-4B090A994363}.Debug|Any CPU.ActiveCfg = Debug|Any CPU
		{C7E8038E-E583-48DF-9393-4B090A994363}.Debug|Any CPU.Build.0 = Debug|Any CPU
		{C7E8038E-E583-48DF-9393-4B090A994363}.Release|Any CPU.ActiveCfg = Release|Any CPU
		{C7E8038E-E583-48DF-9393-4B090A994363}.Release|Any CPU.Build.0 = Release|Any CPU
	EndGlobalSection
	GlobalSection(SolutionProperties) = preSolution
		HideSolutionNode = FALSE
	EndGlobalSection
	GlobalSection(ExtensibilityGlobals) = postSolution
		SolutionGuid = {94D23A9E-737B-471C-91A6-B0682839209F}
	EndGlobalSection
EndGlobal
